
Microsoft Visual Studio Solution File, Format Version 12.00
Project("{2150E333-8FDC-42A3-9474-1A3956D46DE8}") = "Services", "Services", "{02A7A9D5-942C-4B52-96DD-CB520656CAB5}"
EndProject
Project("{2150E333-8FDC-42A3-9474-1A3956D46DE8}") = "WebApps", "WebApps", "{312A1756-7253-49BF-8EC2-A8999FFFCCDD}"
EndProject
Project("{2150E333-8FDC-42A3-9474-1A3956D46DE8}") = "Cadastros", "Cadastros", "{7FAD0A40-4A4B-4F69-A88E-930587FC839D}"
EndProject
Project("{2150E333-8FDC-42A3-9474-1A3956D46DE8}") = "Catalogo", "Catalogo", "{92B716A1-C63B-4269-8BBF-374C6A25A868}"
EndProject
Project("{2150E333-8FDC-42A3-9474-1A3956D46DE8}") = "Core", "Core", "{2BAAA509-F497-4C28-A209-EC376BAAE13D}"
EndProject
Project("{2150E333-8FDC-42A3-9474-1A3956D46DE8}") = "Fiscal", "Fiscal", "{5E86570D-DF00-466D-99CE-8EFDDEDC60DA}"
EndProject
Project("{2150E333-8FDC-42A3-9474-1A3956D46DE8}") = "Pagamentos", "Pagamentos", "{E9200206-9C21-4550-9D7E-DF9E8FB32860}"
EndProject
Project("{2150E333-8FDC-42A3-9474-1A3956D46DE8}") = "Vendas", "Vendas", "{7DABBF16-7C90-4386-8540-7D82FAC6708F}"
EndProject
Project("{FAE04EC0-301F-11D3-BF4B-00C04F79EFBC}") = "DDDNerdStore.Catalogo.Domain", "src\DDDNerdStore.Catalogo.Domain\DDDNerdStore.Catalogo.Domain.csproj", "{813AB54C-1DB8-4B7E-81AE-4A00F0F46C80}"
EndProject
Project("{FAE04EC0-301F-11D3-BF4B-00C04F79EFBC}") = "DDDNerdStore.Core", "src\DDDNerdStore.Core\DDDNerdStore.Core.csproj", "{D247D267-D93E-46BC-9274-666903510C13}"
EndProject
Project("{2150E333-8FDC-42A3-9474-1A3956D46DE8}") = "Tests", "Tests", "{4841A79E-451C-4823-A623-85FF6CA35A4B}"
EndProject
Project("{FAE04EC0-301F-11D3-BF4B-00C04F79EFBC}") = "DDDNerdStore.Catalogo.Domain.Tests", "src\DDDNerdStore.Catalogo.Domain.Tests\DDDNerdStore.Catalogo.Domain.Tests.csproj", "{8B8F6FEF-4C58-4B50-B4CF-0D1661A1B47A}"
EndProject
Project("{FAE04EC0-301F-11D3-BF4B-00C04F79EFBC}") = "DDDNerdStore.Catalogo.Data", "src\DDDNerdStore.Catalogo.Data\DDDNerdStore.Catalogo.Data.csproj", "{16452EEB-002C-4B69-9E20-00D3AF88FBC9}"
EndProject
Project("{FAE04EC0-301F-11D3-BF4B-00C04F79EFBC}") = "DDDNerdStore.Catalogo.Application", "src\DDDNerdStore.Catalogo.Application\DDDNerdStore.Catalogo.Application.csproj", "{6D87054D-0116-4975-9D8C-EB75CF55A0FE}"
EndProject
Project("{FAE04EC0-301F-11D3-BF4B-00C04F79EFBC}") = "DDDNerdStore.WebApp.MVC", "src\DDDNerdStore.WebApp.MVC\DDDNerdStore.WebApp.MVC.csproj", "{DF82EC97-795B-45A8-9F0A-58BB446BAD92}"
EndProject
Project("{FAE04EC0-301F-11D3-BF4B-00C04F79EFBC}") = "DDDNerdStore.Vendas.Domain", "src\DDDNerdStore.Vendas.Domain\DDDNerdStore.Vendas.Domain.csproj", "{2749F2B8-1736-4324-BDD6-F400B2D5D4B5}"
EndProject
Project("{FAE04EC0-301F-11D3-BF4B-00C04F79EFBC}") = "DDDNerdStore.Vendas.Application", "src\DDDNerdStore.Vendas.Application\DDDNerdStore.Vendas.Application.csproj", "{AA805FEF-4748-42B2-A9B6-9972FB911CF6}"
EndProject
Project("{FAE04EC0-301F-11D3-BF4B-00C04F79EFBC}") = "DDDNerdStore.Vendas.Data", "src\DDDNerdStore.Vendas.Data\DDDNerdStore.Vendas.Data.csproj", "{305B8CB2-DDFE-4CA3-8A7D-D07E3F307D0E}"
EndProject
Global
	GlobalSection(SolutionConfigurationPlatforms) = preSolution
		Debug|Any CPU = Debug|Any CPU
		Release|Any CPU = Release|Any CPU
	EndGlobalSection
	GlobalSection(ProjectConfigurationPlatforms) = postSolution
		{813AB54C-1DB8-4B7E-81AE-4A00F0F46C80}.Debug|Any CPU.ActiveCfg = Debug|Any CPU
		{813AB54C-1DB8-4B7E-81AE-4A00F0F46C80}.Debug|Any CPU.Build.0 = Debug|Any CPU
		{813AB54C-1DB8-4B7E-81AE-4A00F0F46C80}.Release|Any CPU.ActiveCfg = Release|Any CPU
		{813AB54C-1DB8-4B7E-81AE-4A00F0F46C80}.Release|Any CPU.Build.0 = Release|Any CPU
		{D247D267-D93E-46BC-9274-666903510C13}.Debug|Any CPU.ActiveCfg = Debug|Any CPU
		{D247D267-D93E-46BC-9274-666903510C13}.Debug|Any CPU.Build.0 = Debug|Any CPU
		{D247D267-D93E-46BC-9274-666903510C13}.Release|Any CPU.ActiveCfg = Release|Any CPU
		{D247D267-D93E-46BC-9274-666903510C13}.Release|Any CPU.Build.0 = Release|Any CPU
		{8B8F6FEF-4C58-4B50-B4CF-0D1661A1B47A}.Debug|Any CPU.ActiveCfg = Debug|Any CPU
		{8B8F6FEF-4C58-4B50-B4CF-0D1661A1B47A}.Debug|Any CPU.Build.0 = Debug|Any CPU
		{8B8F6FEF-4C58-4B50-B4CF-0D1661A1B47A}.Release|Any CPU.ActiveCfg = Release|Any CPU
		{8B8F6FEF-4C58-4B50-B4CF-0D1661A1B47A}.Release|Any CPU.Build.0 = Release|Any CPU
		{16452EEB-002C-4B69-9E20-00D3AF88FBC9}.Debug|Any CPU.ActiveCfg = Debug|Any CPU
		{16452EEB-002C-4B69-9E20-00D3AF88FBC9}.Debug|Any CPU.Build.0 = Debug|Any CPU
		{16452EEB-002C-4B69-9E20-00D3AF88FBC9}.Release|Any CPU.ActiveCfg = Release|Any CPU
		{16452EEB-002C-4B69-9E20-00D3AF88FBC9}.Release|Any CPU.Build.0 = Release|Any CPU
		{6D87054D-0116-4975-9D8C-EB75CF55A0FE}.Debug|Any CPU.ActiveCfg = Debug|Any CPU
		{6D87054D-0116-4975-9D8C-EB75CF55A0FE}.Debug|Any CPU.Build.0 = Debug|Any CPU
		{6D87054D-0116-4975-9D8C-EB75CF55A0FE}.Release|Any CPU.ActiveCfg = Release|Any CPU
		{6D87054D-0116-4975-9D8C-EB75CF55A0FE}.Release|Any CPU.Build.0 = Release|Any CPU
		{DF82EC97-795B-45A8-9F0A-58BB446BAD92}.Debug|Any CPU.ActiveCfg = Debug|Any CPU
		{DF82EC97-795B-45A8-9F0A-58BB446BAD92}.Debug|Any CPU.Build.0 = Debug|Any CPU
		{DF82EC97-795B-45A8-9F0A-58BB446BAD92}.Release|Any CPU.ActiveCfg = Release|Any CPU
		{DF82EC97-795B-45A8-9F0A-58BB446BAD92}.Release|Any CPU.Build.0 = Release|Any CPU
		{2749F2B8-1736-4324-BDD6-F400B2D5D4B5}.Debug|Any CPU.ActiveCfg = Debug|Any CPU
		{2749F2B8-1736-4324-BDD6-F400B2D5D4B5}.Debug|Any CPU.Build.0 = Debug|Any CPU
		{2749F2B8-1736-4324-BDD6-F400B2D5D4B5}.Release|Any CPU.ActiveCfg = Release|Any CPU
		{2749F2B8-1736-4324-BDD6-F400B2D5D4B5}.Release|Any CPU.Build.0 = Release|Any CPU
		{AA805FEF-4748-42B2-A9B6-9972FB911CF6}.Debug|Any CPU.ActiveCfg = Debug|Any CPU
		{AA805FEF-4748-42B2-A9B6-9972FB911CF6}.Debug|Any CPU.Build.0 = Debug|Any CPU
		{AA805FEF-4748-42B2-A9B6-9972FB911CF6}.Release|Any CPU.ActiveCfg = Release|Any CPU
		{AA805FEF-4748-42B2-A9B6-9972FB911CF6}.Release|Any CPU.Build.0 = Release|Any CPU
		{305B8CB2-DDFE-4CA3-8A7D-D07E3F307D0E}.Debug|Any CPU.ActiveCfg = Debug|Any CPU
		{305B8CB2-DDFE-4CA3-8A7D-D07E3F307D0E}.Debug|Any CPU.Build.0 = Debug|Any CPU
		{305B8CB2-DDFE-4CA3-8A7D-D07E3F307D0E}.Release|Any CPU.ActiveCfg = Release|Any CPU
		{305B8CB2-DDFE-4CA3-8A7D-D07E3F307D0E}.Release|Any CPU.Build.0 = Release|Any CPU
	EndGlobalSection
	GlobalSection(NestedProjects) = preSolution
		{7FAD0A40-4A4B-4F69-A88E-930587FC839D} = {02A7A9D5-942C-4B52-96DD-CB520656CAB5}
		{92B716A1-C63B-4269-8BBF-374C6A25A868} = {02A7A9D5-942C-4B52-96DD-CB520656CAB5}
		{5E86570D-DF00-466D-99CE-8EFDDEDC60DA} = {02A7A9D5-942C-4B52-96DD-CB520656CAB5}
		{E9200206-9C21-4550-9D7E-DF9E8FB32860} = {02A7A9D5-942C-4B52-96DD-CB520656CAB5}
		{2BAAA509-F497-4C28-A209-EC376BAAE13D} = {02A7A9D5-942C-4B52-96DD-CB520656CAB5}
		{7DABBF16-7C90-4386-8540-7D82FAC6708F} = {02A7A9D5-942C-4B52-96DD-CB520656CAB5}
		{813AB54C-1DB8-4B7E-81AE-4A00F0F46C80} = {92B716A1-C63B-4269-8BBF-374C6A25A868}
		{D247D267-D93E-46BC-9274-666903510C13} = {2BAAA509-F497-4C28-A209-EC376BAAE13D}
		{4841A79E-451C-4823-A623-85FF6CA35A4B} = {92B716A1-C63B-4269-8BBF-374C6A25A868}
		{8B8F6FEF-4C58-4B50-B4CF-0D1661A1B47A} = {4841A79E-451C-4823-A623-85FF6CA35A4B}
		{16452EEB-002C-4B69-9E20-00D3AF88FBC9} = {92B716A1-C63B-4269-8BBF-374C6A25A868}
		{6D87054D-0116-4975-9D8C-EB75CF55A0FE} = {92B716A1-C63B-4269-8BBF-374C6A25A868}
		{DF82EC97-795B-45A8-9F0A-58BB446BAD92} = {312A1756-7253-49BF-8EC2-A8999FFFCCDD}
		{2749F2B8-1736-4324-BDD6-F400B2D5D4B5} = {7DABBF16-7C90-4386-8540-7D82FAC6708F}
		{AA805FEF-4748-42B2-A9B6-9972FB911CF6} = {7DABBF16-7C90-4386-8540-7D82FAC6708F}
		{305B8CB2-DDFE-4CA3-8A7D-D07E3F307D0E} = {7DABBF16-7C90-4386-8540-7D82FAC6708F}
	EndGlobalSection
EndGlobal
